// !$*UTF8*$!
{
 archiveVersion = 1;
 classes = {};
 objectVersion = 77;
 objects = {
  A00000000000000000000001 = {isa = PBXProject; attributes = {BuildIndependentTargetsInParallel = YES; LastUpgradeCheck = 2600; TargetAttributes = {A00000000000000000000002 = {CreatedOnToolsVersion = 26.0;}; A00000000000000000000020 = {CreatedOnToolsVersion = 26.0; TestTargetID = A00000000000000000000002;};};}; buildConfigurationList = A00000000000000000000010; compatibilityVersion = "Xcode 16.0"; developmentRegion = ru; hasScannedForEncodings = 0; knownRegions = (ru, en, Base); mainGroup = A00000000000000000000003; preferredProjectObjectVersion = 77; productRefGroup = A00000000000000000000004; projectDirPath = ""; projectRoot = ""; targets = (A00000000000000000000002, A00000000000000000000020, B00000000000000000000001);};
  A00000000000000000000002 = {isa = PBXNativeTarget; buildConfigurationList = A00000000000000000000011; buildPhases = (A00000000000000000000007, A00000000000000000000008, A00000000000000000000009); buildRules = (); dependencies = (); fileSystemSynchronizedGroups = (A00000000000000000000005); name = ThirdBrain; packageProductDependencies = (); productName = ThirdBrain; productReference = A00000000000000000000006; productType = "com.apple.product-type.application";};
  A00000000000000000000003 = {isa = PBXGroup; children = (A00000000000000000000005, A00000000000000000000021, B00000000000000000000002, A00000000000000000000004); sourceTree = "<group>";};
  A00000000000000000000004 = {isa = PBXGroup; children = (A00000000000000000000006, A00000000000000000000022, B00000000000000000000003); name = Products; sourceTree = "<group>";};
  A00000000000000000000005 = {isa = PBXFileSystemSynchronizedRootGroup; exceptions = (A0000000000000000000000A); path = ThirdBrain; sourceTree = "<group>";};
  A00000000000000000000006 = {isa = PBXFileReference; explicitFileType = wrapper.application; includeInIndex = 0; path = ThirdBrain.app; sourceTree = BUILT_PRODUCTS_DIR;};
  A00000000000000000000007 = {isa = PBXSourcesBuildPhase; buildActionMask = 2147483647; files = (); runOnlyForDeploymentPostprocessing = 0;};
  A00000000000000000000008 = {isa = PBXFrameworksBuildPhase; buildActionMask = 2147483647; files = (); runOnlyForDeploymentPostprocessing = 0;};
  A00000000000000000000009 = {isa = PBXResourcesBuildPhase; buildActionMask = 2147483647; files = (); runOnlyForDeploymentPostprocessing = 0;};
  A0000000000000000000000A = {isa = PBXFileSystemSynchronizedBuildFileExceptionSet; membershipExceptions = (Info.plist); target = A00000000000000000000002;};
  A00000000000000000000010 = {isa = XCConfigurationList; buildConfigurations = (A00000000000000000000012, A00000000000000000000013); defaultConfigurationIsVisible = 0; defaultConfigurationName = Release;};
  A00000000000000000000011 = {isa = XCConfigurationList; buildConfigurations = (A00000000000000000000014, A00000000000000000000015); defaultConfigurationIsVisible = 0; defaultConfigurationName = Release;};
  A00000000000000000000012 = {isa = XCBuildConfiguration; name = Debug; buildSettings = {CLANG_ENABLE_MODULES = YES; CLANG_ENABLE_OBJC_ARC = YES; SDKROOT = iphoneos; IPHONEOS_DEPLOYMENT_TARGET = 26.0; SWIFT_VERSION = 5.0; SWIFT_OPTIMIZATION_LEVEL = "-Onone"; SWIFT_ACTIVE_COMPILATION_CONDITIONS = DEBUG; ENABLE_TESTABILITY = YES; DEBUG_INFORMATION_FORMAT = dwarf;};};
  A00000000000000000000013 = {isa = XCBuildConfiguration; name = Release; buildSettings = {CLANG_ENABLE_MODULES = YES; CLANG_ENABLE_OBJC_ARC = YES; SDKROOT = iphoneos; IPHONEOS_DEPLOYMENT_TARGET = 26.0; SWIFT_VERSION = 5.0; SWIFT_COMPILATION_MODE = wholemodule; SWIFT_OPTIMIZATION_LEVEL = "-O"; DEBUG_INFORMATION_FORMAT = "dwarf-with-dsym";};};
  A00000000000000000000014 = {isa = XCBuildConfiguration; name = Debug; buildSettings = {CODE_SIGN_STYLE = Automatic; CURRENT_PROJECT_VERSION = 1; GENERATE_INFOPLIST_FILE = NO; INFOPLIST_FILE = ThirdBrain/Info.plist; MARKETING_VERSION = 0.1.0; PRODUCT_BUNDLE_IDENTIFIER = ru.vvverman.ThirdBrain; PRODUCT_NAME = "$(TARGET_NAME)"; TARGETED_DEVICE_FAMILY = 1; SUPPORTED_PLATFORMS = "iphoneos iphonesimulator"; SWIFT_EMIT_LOC_STRINGS = YES; LD_RUNPATH_SEARCH_PATHS = ("$(inherited)", "@executable_path/Frameworks");};};
  A00000000000000000000015 = {isa = XCBuildConfiguration; name = Release; buildSettings = {CODE_SIGN_STYLE = Automatic; CURRENT_PROJECT_VERSION = 1; GENERATE_INFOPLIST_FILE = NO; INFOPLIST_FILE = ThirdBrain/Info.plist; MARKETING_VERSION = 0.1.0; PRODUCT_BUNDLE_IDENTIFIER = ru.vvverman.ThirdBrain; PRODUCT_NAME = "$(TARGET_NAME)"; TARGETED_DEVICE_FAMILY = 1; SUPPORTED_PLATFORMS = "iphoneos iphonesimulator"; SWIFT_EMIT_LOC_STRINGS = YES; LD_RUNPATH_SEARCH_PATHS = ("$(inherited)", "@executable_path/Frameworks");};};
  A00000000000000000000020 = {isa = PBXNativeTarget; buildConfigurationList = A00000000000000000000029; buildPhases = (A00000000000000000000023, A00000000000000000000024, A00000000000000000000025); buildRules = (); dependencies = (A00000000000000000000027); fileSystemSynchronizedGroups = (A00000000000000000000021); name = ThirdBrainTests; productName = ThirdBrainTests; productReference = A00000000000000000000022; productType = "com.apple.product-type.bundle.unit-test";};
  A00000000000000000000021 = {isa = PBXFileSystemSynchronizedRootGroup; path = ThirdBrainTests; sourceTree = "<group>";};
  A00000000000000000000022 = {isa = PBXFileReference; explicitFileType = wrapper.cfbundle; includeInIndex = 0; path = ThirdBrainTests.xctest; sourceTree = BUILT_PRODUCTS_DIR;};
  A00000000000000000000023 = {isa = PBXSourcesBuildPhase; buildActionMask = 2147483647; files = (); runOnlyForDeploymentPostprocessing = 0;};
  A00000000000000000000024 = {isa = PBXFrameworksBuildPhase; buildActionMask = 2147483647; files = (); runOnlyForDeploymentPostprocessing = 0;};
  A00000000000000000000025 = {isa = PBXResourcesBuildPhase; buildActionMask = 2147483647; files = (); runOnlyForDeploymentPostprocessing = 0;};
  A00000000000000000000026 = {isa = PBXContainerItemProxy; containerPortal = A00000000000000000000001; proxyType = 1; remoteGlobalIDString = A00000000000000000000002; remoteInfo = ThirdBrain;};
  A00000000000000000000027 = {isa = PBXTargetDependency; target = A00000000000000000000002; targetProxy = A00000000000000000000026;};
  A00000000000000000000029 = {isa = XCConfigurationList; buildConfigurations = (A0000000000000000000002A, A0000000000000000000002B); defaultConfigurationIsVisible = 0; defaultConfigurationName = Release;};
  A0000000000000000000002A = {isa = XCBuildConfiguration; name = Debug; buildSettings = {BUNDLE_LOADER = "$(TEST_HOST)"; CODE_SIGN_STYLE = Automatic; GENERATE_INFOPLIST_FILE = YES; PRODUCT_BUNDLE_IDENTIFIER = ru.vvverman.ThirdBrainTests; PRODUCT_NAME = "$(TARGET_NAME)"; TARGETED_DEVICE_FAMILY = 1; TEST_HOST = "$(BUILT_PRODUCTS_DIR)/ThirdBrain.app/ThirdBrain";};};
  A0000000000000000000002B = {isa = XCBuildConfiguration; name = Release; buildSettings = {BUNDLE_LOADER = "$(TEST_HOST)"; CODE_SIGN_STYLE = Automatic; GENERATE_INFOPLIST_FILE = YES; PRODUCT_BUNDLE_IDENTIFIER = ru.vvverman.ThirdBrainTests; PRODUCT_NAME = "$(TARGET_NAME)"; TARGETED_DEVICE_FAMILY = 1; TEST_HOST = "$(BUILT_PRODUCTS_DIR)/ThirdBrain.app/ThirdBrain";};};
  B00000000000000000000001 = {isa = PBXNativeTarget; buildConfigurationList = B00000000000000000000009; buildPhases = (B00000000000000000000004, B00000000000000000000005, B00000000000000000000006); buildRules = (); dependencies = (B00000000000000000000008); fileSystemSynchronizedGroups = (B00000000000000000000002); name = ThirdBrainUITests; productName = ThirdBrainUITests; productReference = B00000000000000000000003; productType = "com.apple.product-type.bundle.ui-testing";};
  B00000000000000000000002 = {isa = PBXFileSystemSynchronizedRootGroup; path = ThirdBrainUITests; sourceTree = "<group>";};
  B00000000000000000000003 = {isa = PBXFileReference; explicitFileType = wrapper.cfbundle; includeInIndex = 0; path = ThirdBrainUITests.xctest; sourceTree = BUILT_PRODUCTS_DIR;};
  B00000000000000000000004 = {isa = PBXSourcesBuildPhase; buildActionMask = 2147483647; files = (); runOnlyForDeploymentPostprocessing = 0;};
  B00000000000000000000005 = {isa = PBXFrameworksBuildPhase; buildActionMask = 2147483647; files = (); runOnlyForDeploymentPostprocessing = 0;};
  B00000000000000000000006 = {isa = PBXResourcesBuildPhase; buildActionMask = 2147483647; files = (); runOnlyForDeploymentPostprocessing = 0;};
  B00000000000000000000007 = {isa = PBXContainerItemProxy; containerPortal = A00000000000000000000001; proxyType = 1; remoteGlobalIDString = A00000000000000000000002; remoteInfo = ThirdBrain;};
  B00000000000000000000008 = {isa = PBXTargetDependency; target = A00000000000000000000002; targetProxy = B00000000000000000000007;};
  B00000000000000000000009 = {isa = XCConfigurationList; buildConfigurations = (B0000000000000000000000A, B0000000000000000000000B); defaultConfigurationIsVisible = 0; defaultConfigurationName = Release;};
  B0000000000000000000000A = {isa = XCBuildConfiguration; name = Debug; buildSettings = {CODE_SIGN_STYLE = Automatic; GENERATE_INFOPLIST_FILE = YES; PRODUCT_BUNDLE_IDENTIFIER = ru.vvverman.ThirdBrainUITests; PRODUCT_NAME = "$(TARGET_NAME)"; TARGETED_DEVICE_FAMILY = 1; TEST_TARGET_NAME = ThirdBrain;};};
  B0000000000000000000000B = {isa = XCBuildConfiguration; name = Release; buildSettings = {CODE_SIGN_STYLE = Automatic; GENERATE_INFOPLIST_FILE = YES; PRODUCT_BUNDLE_IDENTIFIER = ru.vvverman.ThirdBrainUITests; PRODUCT_NAME = "$(TARGET_NAME)"; TARGETED_DEVICE_FAMILY = 1; TEST_TARGET_NAME = ThirdBrain;};};
 };
 rootObject = A00000000000000000000001;
}
